
Microsoft Visual Studio Solution File, Format Version 12.00
# Visual Studio Version 16
VisualStudioVersion = 16.0.30104.148
MinimumVisualStudioVersion = 15.0.26124.0
Project("{9A19103F-16F7-4668-BE54-9A1E7A4F7556}") = "LINQ", "LINQ\LINQ.csproj", "{BB5BD7E9-57DD-4346-8959-A5854A61247F}"
EndProject
Project("{FAE04EC0-301F-11D3-BF4B-00C04F79EFBC}") = "LINQ.Tests", "LINQ.Tests\LINQ.Tests.csproj", "{2D30105F-80E2-4673-B778-0FD598632760}"
EndProject
Global
	GlobalSection(SolutionConfigurationPlatforms) = preSolution
		Debug|Any CPU = Debug|Any CPU
		Debug|x64 = Debug|x64
		Debug|x86 = Debug|x86
		Release|Any CPU = Release|Any CPU
		Release|x64 = Release|x64
		Release|x86 = Release|x86
	EndGlobalSection
	GlobalSection(ProjectConfigurationPlatforms) = postSolution
		{BB5BD7E9-57DD-4346-8959-A5854A61247F}.Debug|Any CPU.ActiveCfg = Debug|Any CPU
		{BB5BD7E9-57DD-4346-8959-A5854A61247F}.Debug|Any CPU.Build.0 = Debug|Any CPU
		{BB5BD7E9-57DD-4346-8959-A5854A61247F}.Debug|x64.ActiveCfg = Debug|Any CPU
		{BB5BD7E9-57DD-4346-8959-A5854A61247F}.Debug|x64.Build.0 = Debug|Any CPU
		{BB5BD7E9-57DD-4346-8959-A5854A61247F}.Debug|x86.ActiveCfg = Debug|Any CPU
		{BB5BD7E9-57DD-4346-8959-A5854A61247F}.Debug|x86.Build.0 = Debug|Any CPU
		{BB5BD7E9-57DD-4346-8959-A5854A61247F}.Release|Any CPU.ActiveCfg = Release|Any CPU
		{BB5BD7E9-57DD-4346-8959-A5854A61247F}.Release|Any CPU.Build.0 = Release|Any CPU
		{BB5BD7E9-57DD-4346-8959-A5854A61247F}.Release|x64.ActiveCfg = Release|Any CPU
		{BB5BD7E9-57DD-4346-8959-A5854A61247F}.Release|x64.Build.0 = Release|Any CPU
		{BB5BD7E9-57DD-4346-8959-A5854A61247F}.Release|x86.ActiveCfg = Release|Any CPU
		{BB5BD7E9-57DD-4346-8959-A5854A61247F}.Release|x86.Build.0 = Release|Any CPU
		{2D30105F-80E2-4673-B778-0FD598632760}.Debug|Any CPU.ActiveCfg = Debug|Any CPU
		{2D30105F-80E2-4673-B778-0FD598632760}.Debug|Any CPU.Build.0 = Debug|Any CPU
		{2D30105F-80E2-4673-B778-0FD598632760}.Debug|x64.ActiveCfg = Debug|Any CPU
		{2D30105F-80E2-4673-B778-0FD598632760}.Debug|x64.Build.0 = Debug|Any CPU
		{2D30105F-80E2-4673-B778-0FD598632760}.Debug|x86.ActiveCfg = Debug|Any CPU
		{2D30105F-80E2-4673-B778-0FD598632760}.Debug|x86.Build.0 = Debug|Any CPU
		{2D30105F-80E2-4673-B778-0FD598632760}.Release|Any CPU.ActiveCfg = Release|Any CPU
		{2D30105F-80E2-4673-B778-0FD598632760}.Release|Any CPU.Build.0 = Release|Any CPU
		{2D30105F-80E2-4673-B778-0FD598632760}.Release|x64.ActiveCfg = Release|Any CPU
		{2D30105F-80E2-4673-B778-0FD598632760}.Release|x64.Build.0 = Release|Any CPU
		{2D30105F-80E2-4673-B778-0FD598632760}.Release|x86.ActiveCfg = Release|Any CPU
		{2D30105F-80E2-4673-B778-0FD598632760}.Release|x86.Build.0 = Release|Any CPU
	EndGlobalSection
	GlobalSection(SolutionProperties) = preSolution
		HideSolutionNode = FALSE
	EndGlobalSection
	GlobalSection(ExtensibilityGlobals) = postSolution
		SolutionGuid = {1BAB84F3-62E3-4280-A46E-07B73E1D7622}
	EndGlobalSection
EndGlobal
